
Microsoft Visual Studio Solution File, Format Version 12.00
# Visual Studio Version 16
VisualStudioVersion = 16.0.30204.135
MinimumVisualStudioVersion = 10.0.40219.1
Project("{FAE04EC0-301F-11D3-BF4B-00C04F79EFBC}") = "WebAppMiciurin", "WebAppMiciurin\WebAppMiciurin.csproj", "{4427865C-B74C-4150-BA8B-F7066710EF16}"
EndProject
Global
	GlobalSection(SolutionConfigurationPlatforms) = preSolution
		Debug|Any CPU = Debug|Any CPU
		Release|Any CPU = Release|Any CPU
	EndGlobalSection
	GlobalSection(ProjectConfigurationPlatforms) = postSolution
		{4427865C-B74C-4150-BA8B-F7066710EF16}.Debug|Any CPU.ActiveCfg = Debug|Any CPU
		{4427865C-B74C-4150-BA8B-F7066710EF16}.Debug|Any CPU.Build.0 = Debug|Any CPU
		{4427865C-B74C-4150-BA8B-F7066710EF16}.Release|Any CPU.ActiveCfg = Release|Any CPU
		{4427865C-B74C-4150-BA8B-F7066710EF16}.Release|Any CPU.Build.0 = Release|Any CPU
	EndGlobalSection
	GlobalSection(SolutionProperties) = preSolution
		HideSolutionNode = FALSE
	EndGlobalSection
	GlobalSection(ExtensibilityGlobals) = postSolution
		SolutionGuid = {CB08F265-CEF7-4D90-93E7-D28DB82BFB0D}
	EndGlobalSection
EndGlobal
